{"format_version":"1.2","terraform_version":"1.12.1","variables":{"availability_zone":{"value":["ca-central-1a","ca-central-1b","ca-central-1c"]},"aws_region":{"value":"ca-central-1"},"environment_name":{"value":"Networking Fundatamental Bootcamp"},"private_subnet_cidr":{"value":["10.10.21.0/24","10.10.22.0/24","10.10.23.0/24"]},"public_subnet_cidr":{"value":["10.10.11.0/24","10.10.12.0/24","10.10.13.0/24"]},"tags":{"value":{"BoundedContext":"Network Fundatmentals Bootcamp","Environment":"Staging","ManagedBy":"Terraform","Owner":"ExamPro.co","Region":"ca-central-1"}},"vpc_cidr":{"value":"10.0.0.0/16"}},"planned_values":{"root_module":{"child_modules":[{"resources":[{"address":"module.aws-basic-network.aws_subnet.private_subnet[\"ca-central-1a\"]","mode":"managed","type":"aws_subnet","name":"private_subnet","index":"ca-central-1a","provider_name":"registry.terraform.io/hashicorp/aws","schema_version":1,"values":{"assign_ipv6_address_on_creation":false,"availability_zone":"ca-central-1a","cidr_block":"10.10.21.0/24","customer_owned_ipv4_pool":null,"enable_dns64":false,"enable_lni_at_device_index":null,"enable_resource_name_dns_a_record_on_launch":false,"enable_resource_name_dns_aaaa_record_on_launch":false,"ipv6_cidr_block":null,"ipv6_native":false,"map_customer_owned_ip_on_launch":null,"map_public_ip_on_launch":false,"outpost_arn":null,"region":"ca-central-1","tags":{"BoundedContext":"Network Fundatmentals Bootcamp","Environment":"Staging","ManagedBy":"Terraform","Name":"Networking Fundatamental Bootcamp Private Subnet - ca-central-1a","Owner":"ExamPro.co","Region":"ca-central-1"},"tags_all":{"BoundedContext":"Network Fundatmentals Bootcamp","Environment":"Staging","ManagedBy":"Terraform","Name":"Networking Fundatamental Bootcamp Private Subnet - ca-central-1a","Owner":"ExamPro.co","Region":"ca-central-1"},"timeouts":null},"sensitive_values":{"tags":{},"tags_all":{}}},{"address":"module.aws-basic-network.aws_subnet.private_subnet[\"ca-central-1b\"]","mode":"managed","type":"aws_subnet","name":"private_subnet","index":"ca-central-1b","provider_name":"registry.terraform.io/hashicorp/aws","schema_version":1,"values":{"assign_ipv6_address_on_creation":false,"availability_zone":"ca-central-1b","cidr_block":"10.10.22.0/24","customer_owned_ipv4_pool":null,"enable_dns64":false,"enable_lni_at_device_index":null,"enable_resource_name_dns_a_record_on_launch":false,"enable_resource_name_dns_aaaa_record_on_launch":false,"ipv6_cidr_block":null,"ipv6_native":false,"map_customer_owned_ip_on_launch":null,"map_public_ip_on_launch":false,"outpost_arn":null,"region":"ca-central-1","tags":{"BoundedContext":"Network Fundatmentals Bootcamp","Environment":"Staging","ManagedBy":"Terraform","Name":"Networking Fundatamental Bootcamp Private Subnet - ca-central-1b","Owner":"ExamPro.co","Region":"ca-central-1"},"tags_all":{"BoundedContext":"Network Fundatmentals Bootcamp","Environment":"Staging","ManagedBy":"Terraform","Name":"Networking Fundatamental Bootcamp Private Subnet - ca-central-1b","Owner":"ExamPro.co","Region":"ca-central-1"},"timeouts":null},"sensitive_values":{"tags":{},"tags_all":{}}},{"address":"module.aws-basic-network.aws_subnet.private_subnet[\"ca-central-1c\"]","mode":"managed","type":"aws_subnet","name":"private_subnet","index":"ca-central-1c","provider_name":"registry.terraform.io/hashicorp/aws","schema_version":1,"values":{"assign_ipv6_address_on_creation":false,"availability_zone":"ca-central-1c","cidr_block":"10.10.23.0/24","customer_owned_ipv4_pool":null,"enable_dns64":false,"enable_lni_at_device_index":null,"enable_resource_name_dns_a_record_on_launch":false,"enable_resource_name_dns_aaaa_record_on_launch":false,"ipv6_cidr_block":null,"ipv6_native":false,"map_customer_owned_ip_on_launch":null,"map_public_ip_on_launch":false,"outpost_arn":null,"region":"ca-central-1","tags":{"BoundedContext":"Network Fundatmentals Bootcamp","Environment":"Staging","ManagedBy":"Terraform","Name":"Networking Fundatamental Bootcamp Private Subnet - ca-central-1c","Owner":"ExamPro.co","Region":"ca-central-1"},"tags_all":{"BoundedContext":"Network Fundatmentals Bootcamp","Environment":"Staging","ManagedBy":"Terraform","Name":"Networking Fundatamental Bootcamp Private Subnet - ca-central-1c","Owner":"ExamPro.co","Region":"ca-central-1"},"timeouts":null},"sensitive_values":{"tags":{},"tags_all":{}}},{"address":"module.aws-basic-network.aws_subnet.public_subnet[\"ca-central-1a\"]","mode":"managed","type":"aws_subnet","name":"public_subnet","index":"ca-central-1a","provider_name":"registry.terraform.io/hashicorp/aws","schema_version":1,"values":{"assign_ipv6_address_on_creation":false,"availability_zone":"ca-central-1a","cidr_block":"10.10.11.0/24","customer_owned_ipv4_pool":null,"enable_dns64":false,"enable_lni_at_device_index":null,"enable_resource_name_dns_a_record_on_launch":false,"enable_resource_name_dns_aaaa_record_on_launch":false,"ipv6_cidr_block":null,"ipv6_native":false,"map_customer_owned_ip_on_launch":null,"map_public_ip_on_launch":true,"outpost_arn":null,"region":"ca-central-1","tags":{"BoundedContext":"Network Fundatmentals Bootcamp","Environment":"Staging","ManagedBy":"Terraform","Name":"Networking Fundatamental Bootcamp Public Subnet - ca-central-1a","Owner":"ExamPro.co","Region":"ca-central-1"},"tags_all":{"BoundedContext":"Network Fundatmentals Bootcamp","Environment":"Staging","ManagedBy":"Terraform","Name":"Networking Fundatamental Bootcamp Public Subnet - ca-central-1a","Owner":"ExamPro.co","Region":"ca-central-1"},"timeouts":null},"sensitive_values":{"tags":{},"tags_all":{}}},{"address":"module.aws-basic-network.aws_subnet.public_subnet[\"ca-central-1b\"]","mode":"managed","type":"aws_subnet","name":"public_subnet","index":"ca-central-1b","provider_name":"registry.terraform.io/hashicorp/aws","schema_version":1,"values":{"assign_ipv6_address_on_creation":false,"availability_zone":"ca-central-1b","cidr_block":"10.10.12.0/24","customer_owned_ipv4_pool":null,"enable_dns64":false,"enable_lni_at_device_index":null,"enable_resource_name_dns_a_record_on_launch":false,"enable_resource_name_dns_aaaa_record_on_launch":false,"ipv6_cidr_block":null,"ipv6_native":false,"map_customer_owned_ip_on_launch":null,"map_public_ip_on_launch":true,"outpost_arn":null,"region":"ca-central-1","tags":{"BoundedContext":"Network Fundatmentals Bootcamp","Environment":"Staging","ManagedBy":"Terraform","Name":"Networking Fundatamental Bootcamp Public Subnet - ca-central-1b","Owner":"ExamPro.co","Region":"ca-central-1"},"tags_all":{"BoundedContext":"Network Fundatmentals Bootcamp","Environment":"Staging","ManagedBy":"Terraform","Name":"Networking Fundatamental Bootcamp Public Subnet - ca-central-1b","Owner":"ExamPro.co","Region":"ca-central-1"},"timeouts":null},"sensitive_values":{"tags":{},"tags_all":{}}},{"address":"module.aws-basic-network.aws_subnet.public_subnet[\"ca-central-1c\"]","mode":"managed","type":"aws_subnet","name":"public_subnet","index":"ca-central-1c","provider_name":"registry.terraform.io/hashicorp/aws","schema_version":1,"values":{"assign_ipv6_address_on_creation":false,"availability_zone":"ca-central-1c","cidr_block":"10.10.13.0/24","customer_owned_ipv4_pool":null,"enable_dns64":false,"enable_lni_at_device_index":null,"enable_resource_name_dns_a_record_on_launch":false,"enable_resource_name_dns_aaaa_record_on_launch":false,"ipv6_cidr_block":null,"ipv6_native":false,"map_customer_owned_ip_on_launch":null,"map_public_ip_on_launch":true,"outpost_arn":null,"region":"ca-central-1","tags":{"BoundedContext":"Network Fundatmentals Bootcamp","Environment":"Staging","ManagedBy":"Terraform","Name":"Networking Fundatamental Bootcamp Public Subnet - ca-central-1c","Owner":"ExamPro.co","Region":"ca-central-1"},"tags_all":{"BoundedContext":"Network Fundatmentals Bootcamp","Environment":"Staging","ManagedBy":"Terraform","Name":"Networking Fundatamental Bootcamp Public Subnet - ca-central-1c","Owner":"ExamPro.co","Region":"ca-central-1"},"timeouts":null},"sensitive_values":{"tags":{},"tags_all":{}}},{"address":"module.aws-basic-network.aws_vpc.network_fundamentals_vpc","mode":"managed","type":"aws_vpc","name":"network_fundamentals_vpc","provider_name":"registry.terraform.io/hashicorp/aws","schema_version":1,"values":{"assign_generated_ipv6_cidr_block":true,"cidr_block":"10.0.0.0/16","enable_dns_hostnames":true,"enable_dns_support":true,"instance_tenancy":"default","ipv4_ipam_pool_id":null,"ipv4_netmask_length":null,"ipv6_ipam_pool_id":null,"ipv6_netmask_length":null,"region":"ca-central-1","tags":{"BoundedContext":"Network Fundatmentals Bootcamp","Environment":"Staging","ManagedBy":"Terraform","Name":"Networking Fundatamental Bootcamp VPC","Owner":"ExamPro.co","Region":"ca-central-1"},"tags_all":{"BoundedContext":"Network Fundatmentals Bootcamp","Environment":"Staging","ManagedBy":"Terraform","Name":"Networking Fundatamental Bootcamp VPC","Owner":"ExamPro.co","Region":"ca-central-1"}},"sensitive_values":{"tags":{},"tags_all":{}}}],"address":"module.aws-basic-network"}]}},"resource_changes":[{"address":"module.aws-basic-network.aws_subnet.private_subnet[\"ca-central-1a\"]","module_address":"module.aws-basic-network","mode":"managed","type":"aws_subnet","name":"private_subnet","index":"ca-central-1a","provider_name":"registry.terraform.io/hashicorp/aws","change":{"actions":["create"],"before":null,"after":{"assign_ipv6_address_on_creation":false,"availability_zone":"ca-central-1a","cidr_block":"10.10.21.0/24","customer_owned_ipv4_pool":null,"enable_dns64":false,"enable_lni_at_device_index":null,"enable_resource_name_dns_a_record_on_launch":false,"enable_resource_name_dns_aaaa_record_on_launch":false,"ipv6_cidr_block":null,"ipv6_native":false,"map_customer_owned_ip_on_launch":null,"map_public_ip_on_launch":false,"outpost_arn":null,"region":"ca-central-1","tags":{"BoundedContext":"Network Fundatmentals Bootcamp","Environment":"Staging","ManagedBy":"Terraform","Name":"Networking Fundatamental Bootcamp Private Subnet - ca-central-1a","Owner":"ExamPro.co","Region":"ca-central-1"},"tags_all":{"BoundedContext":"Network Fundatmentals Bootcamp","Environment":"Staging","ManagedBy":"Terraform","Name":"Networking Fundatamental Bootcamp Private Subnet - ca-central-1a","Owner":"ExamPro.co","Region":"ca-central-1"},"timeouts":null},"after_unknown":{"arn":true,"availability_zone_id":true,"id":true,"ipv6_cidr_block_association_id":true,"owner_id":true,"private_dns_hostname_type_on_launch":true,"tags":{},"tags_all":{},"vpc_id":true},"before_sensitive":false,"after_sensitive":{"tags":{},"tags_all":{}}}},{"address":"module.aws-basic-network.aws_subnet.private_subnet[\"ca-central-1b\"]","module_address":"module.aws-basic-network","mode":"managed","type":"aws_subnet","name":"private_subnet","index":"ca-central-1b","provider_name":"registry.terraform.io/hashicorp/aws","change":{"actions":["create"],"before":null,"after":{"assign_ipv6_address_on_creation":false,"availability_zone":"ca-central-1b","cidr_block":"10.10.22.0/24","customer_owned_ipv4_pool":null,"enable_dns64":false,"enable_lni_at_device_index":null,"enable_resource_name_dns_a_record_on_launch":false,"enable_resource_name_dns_aaaa_record_on_launch":false,"ipv6_cidr_block":null,"ipv6_native":false,"map_customer_owned_ip_on_launch":null,"map_public_ip_on_launch":false,"outpost_arn":null,"region":"ca-central-1","tags":{"BoundedContext":"Network Fundatmentals Bootcamp","Environment":"Staging","ManagedBy":"Terraform","Name":"Networking Fundatamental Bootcamp Private Subnet - ca-central-1b","Owner":"ExamPro.co","Region":"ca-central-1"},"tags_all":{"BoundedContext":"Network Fundatmentals Bootcamp","Environment":"Staging","ManagedBy":"Terraform","Name":"Networking Fundatamental Bootcamp Private Subnet - ca-central-1b","Owner":"ExamPro.co","Region":"ca-central-1"},"timeouts":null},"after_unknown":{"arn":true,"availability_zone_id":true,"id":true,"ipv6_cidr_block_association_id":true,"owner_id":true,"private_dns_hostname_type_on_launch":true,"tags":{},"tags_all":{},"vpc_id":true},"before_sensitive":false,"after_sensitive":{"tags":{},"tags_all":{}}}},{"address":"module.aws-basic-network.aws_subnet.private_subnet[\"ca-central-1c\"]","module_address":"module.aws-basic-network","mode":"managed","type":"aws_subnet","name":"private_subnet","index":"ca-central-1c","provider_name":"registry.terraform.io/hashicorp/aws","change":{"actions":["create"],"before":null,"after":{"assign_ipv6_address_on_creation":false,"availability_zone":"ca-central-1c","cidr_block":"10.10.23.0/24","customer_owned_ipv4_pool":null,"enable_dns64":false,"enable_lni_at_device_index":null,"enable_resource_name_dns_a_record_on_launch":false,"enable_resource_name_dns_aaaa_record_on_launch":false,"ipv6_cidr_block":null,"ipv6_native":false,"map_customer_owned_ip_on_launch":null,"map_public_ip_on_launch":false,"outpost_arn":null,"region":"ca-central-1","tags":{"BoundedContext":"Network Fundatmentals Bootcamp","Environment":"Staging","ManagedBy":"Terraform","Name":"Networking Fundatamental Bootcamp Private Subnet - ca-central-1c","Owner":"ExamPro.co","Region":"ca-central-1"},"tags_all":{"BoundedContext":"Network Fundatmentals Bootcamp","Environment":"Staging","ManagedBy":"Terraform","Name":"Networking Fundatamental Bootcamp Private Subnet - ca-central-1c","Owner":"ExamPro.co","Region":"ca-central-1"},"timeouts":null},"after_unknown":{"arn":true,"availability_zone_id":true,"id":true,"ipv6_cidr_block_association_id":true,"owner_id":true,"private_dns_hostname_type_on_launch":true,"tags":{},"tags_all":{},"vpc_id":true},"before_sensitive":false,"after_sensitive":{"tags":{},"tags_all":{}}}},{"address":"module.aws-basic-network.aws_subnet.public_subnet[\"ca-central-1a\"]","module_address":"module.aws-basic-network","mode":"managed","type":"aws_subnet","name":"public_subnet","index":"ca-central-1a","provider_name":"registry.terraform.io/hashicorp/aws","change":{"actions":["create"],"before":null,"after":{"assign_ipv6_address_on_creation":false,"availability_zone":"ca-central-1a","cidr_block":"10.10.11.0/24","customer_owned_ipv4_pool":null,"enable_dns64":false,"enable_lni_at_device_index":null,"enable_resource_name_dns_a_record_on_launch":false,"enable_resource_name_dns_aaaa_record_on_launch":false,"ipv6_cidr_block":null,"ipv6_native":false,"map_customer_owned_ip_on_launch":null,"map_public_ip_on_launch":true,"outpost_arn":null,"region":"ca-central-1","tags":{"BoundedContext":"Network Fundatmentals Bootcamp","Environment":"Staging","ManagedBy":"Terraform","Name":"Networking Fundatamental Bootcamp Public Subnet - ca-central-1a","Owner":"ExamPro.co","Region":"ca-central-1"},"tags_all":{"BoundedContext":"Network Fundatmentals Bootcamp","Environment":"Staging","ManagedBy":"Terraform","Name":"Networking Fundatamental Bootcamp Public Subnet - ca-central-1a","Owner":"ExamPro.co","Region":"ca-central-1"},"timeouts":null},"after_unknown":{"arn":true,"availability_zone_id":true,"id":true,"ipv6_cidr_block_association_id":true,"owner_id":true,"private_dns_hostname_type_on_launch":true,"tags":{},"tags_all":{},"vpc_id":true},"before_sensitive":false,"after_sensitive":{"tags":{},"tags_all":{}}}},{"address":"module.aws-basic-network.aws_subnet.public_subnet[\"ca-central-1b\"]","module_address":"module.aws-basic-network","mode":"managed","type":"aws_subnet","name":"public_subnet","index":"ca-central-1b","provider_name":"registry.terraform.io/hashicorp/aws","change":{"actions":["create"],"before":null,"after":{"assign_ipv6_address_on_creation":false,"availability_zone":"ca-central-1b","cidr_block":"10.10.12.0/24","customer_owned_ipv4_pool":null,"enable_dns64":false,"enable_lni_at_device_index":null,"enable_resource_name_dns_a_record_on_launch":false,"enable_resource_name_dns_aaaa_record_on_launch":false,"ipv6_cidr_block":null,"ipv6_native":false,"map_customer_owned_ip_on_launch":null,"map_public_ip_on_launch":true,"outpost_arn":null,"region":"ca-central-1","tags":{"BoundedContext":"Network Fundatmentals Bootcamp","Environment":"Staging","ManagedBy":"Terraform","Name":"Networking Fundatamental Bootcamp Public Subnet - ca-central-1b","Owner":"ExamPro.co","Region":"ca-central-1"},"tags_all":{"BoundedContext":"Network Fundatmentals Bootcamp","Environment":"Staging","ManagedBy":"Terraform","Name":"Networking Fundatamental Bootcamp Public Subnet - ca-central-1b","Owner":"ExamPro.co","Region":"ca-central-1"},"timeouts":null},"after_unknown":{"arn":true,"availability_zone_id":true,"id":true,"ipv6_cidr_block_association_id":true,"owner_id":true,"private_dns_hostname_type_on_launch":true,"tags":{},"tags_all":{},"vpc_id":true},"before_sensitive":false,"after_sensitive":{"tags":{},"tags_all":{}}}},{"address":"module.aws-basic-network.aws_subnet.public_subnet[\"ca-central-1c\"]","module_address":"module.aws-basic-network","mode":"managed","type":"aws_subnet","name":"public_subnet","index":"ca-central-1c","provider_name":"registry.terraform.io/hashicorp/aws","change":{"actions":["create"],"before":null,"after":{"assign_ipv6_address_on_creation":false,"availability_zone":"ca-central-1c","cidr_block":"10.10.13.0/24","customer_owned_ipv4_pool":null,"enable_dns64":false,"enable_lni_at_device_index":null,"enable_resource_name_dns_a_record_on_launch":false,"enable_resource_name_dns_aaaa_record_on_launch":false,"ipv6_cidr_block":null,"ipv6_native":false,"map_customer_owned_ip_on_launch":null,"map_public_ip_on_launch":true,"outpost_arn":null,"region":"ca-central-1","tags":{"BoundedContext":"Network Fundatmentals Bootcamp","Environment":"Staging","ManagedBy":"Terraform","Name":"Networking Fundatamental Bootcamp Public Subnet - ca-central-1c","Owner":"ExamPro.co","Region":"ca-central-1"},"tags_all":{"BoundedContext":"Network Fundatmentals Bootcamp","Environment":"Staging","ManagedBy":"Terraform","Name":"Networking Fundatamental Bootcamp Public Subnet - ca-central-1c","Owner":"ExamPro.co","Region":"ca-central-1"},"timeouts":null},"after_unknown":{"arn":true,"availability_zone_id":true,"id":true,"ipv6_cidr_block_association_id":true,"owner_id":true,"private_dns_hostname_type_on_launch":true,"tags":{},"tags_all":{},"vpc_id":true},"before_sensitive":false,"after_sensitive":{"tags":{},"tags_all":{}}}},{"address":"module.aws-basic-network.aws_vpc.network_fundamentals_vpc","module_address":"module.aws-basic-network","mode":"managed","type":"aws_vpc","name":"network_fundamentals_vpc","provider_name":"registry.terraform.io/hashicorp/aws","change":{"actions":["create"],"before":null,"after":{"assign_generated_ipv6_cidr_block":true,"cidr_block":"10.0.0.0/16","enable_dns_hostnames":true,"enable_dns_support":true,"instance_tenancy":"default","ipv4_ipam_pool_id":null,"ipv4_netmask_length":null,"ipv6_ipam_pool_id":null,"ipv6_netmask_length":null,"region":"ca-central-1","tags":{"BoundedContext":"Network Fundatmentals Bootcamp","Environment":"Staging","ManagedBy":"Terraform","Name":"Networking Fundatamental Bootcamp VPC","Owner":"ExamPro.co","Region":"ca-central-1"},"tags_all":{"BoundedContext":"Network Fundatmentals Bootcamp","Environment":"Staging","ManagedBy":"Terraform","Name":"Networking Fundatamental Bootcamp VPC","Owner":"ExamPro.co","Region":"ca-central-1"}},"after_unknown":{"arn":true,"default_network_acl_id":true,"default_route_table_id":true,"default_security_group_id":true,"dhcp_options_id":true,"enable_network_address_usage_metrics":true,"id":true,"ipv6_association_id":true,"ipv6_cidr_block":true,"ipv6_cidr_block_network_border_group":true,"main_route_table_id":true,"owner_id":true,"tags":{},"tags_all":{}},"before_sensitive":false,"after_sensitive":{"tags":{},"tags_all":{}}}}],"configuration":{"provider_config":{"aws":{"name":"aws","full_name":"registry.terraform.io/hashicorp/aws","version_constraint":"6.0.0-beta2","expressions":{"region":{"constant_value":"ca-central-1"}}}},"root_module":{"module_calls":{"aws-basic-network":{"source":"./modules/aws-basic-network","expressions":{"availability_zone":{"constant_value":["ca-central-1a","ca-central-1b","ca-central-1c"]},"aws_region":{"constant_value":"ca-central-1"},"environment_name":{"constant_value":"Networking Fundatamental Bootcamp"},"private_subnet_cidr":{"constant_value":["10.10.21.0/24","10.10.22.0/24","10.10.23.0/24"]},"public_subnet_cidr":{"constant_value":["10.10.11.0/24","10.10.12.0/24","10.10.13.0/24"]},"tags":{"constant_value":{"BoundedContext":"Network Fundatmentals Bootcamp","Environment":"Staging","ManagedBy":"Terraform","Owner":"ExamPro.co","Region":"ca-central-1"}},"vpc_cidr":{"constant_value":"10.0.0.0/16"}},"module":{"outputs":{"private_subnet_ids":{"expression":{"references":["aws_subnet.private_subnet"]},"description":"Map of AZ to private subnet IDs"},"public_subnet_ids":{"expression":{"references":["aws_subnet.public_subnet"]},"description":"Map of AZ to public subnet IDs"},"vpc_cidr_block":{"expression":{"references":["aws_vpc.network_fundamentals_vpc.cidr_block","aws_vpc.network_fundamentals_vpc"]},"description":"The CIDR block of the VPC"},"vpc_id":{"expression":{"references":["aws_vpc.network_fundamentals_vpc.id","aws_vpc.network_fundamentals_vpc"]},"description":"The ID of the VPC"},"vpc_ipv6_cidr_block":{"expression":{"references":["aws_vpc.network_fundamentals_vpc.ipv6_cidr_block","aws_vpc.network_fundamentals_vpc"]},"description":"The IPv6 CIDR block of the VPC"}},"resources":[{"address":"aws_subnet.private_subnet","mode":"managed","type":"aws_subnet","name":"private_subnet","provider_config_key":"aws","expressions":{"availability_zone":{"references":["each.key"]},"cidr_block":{"references":["each.value"]},"tags":{"references":["local.environment_name","each.key","local.tags"]},"vpc_id":{"references":["aws_vpc.network_fundamentals_vpc.id","aws_vpc.network_fundamentals_vpc"]}},"schema_version":1,"for_each_expression":{"references":["local.private_subnets"]}},{"address":"aws_subnet.public_subnet","mode":"managed","type":"aws_subnet","name":"public_subnet","provider_config_key":"aws","expressions":{"availability_zone":{"references":["each.key"]},"cidr_block":{"references":["each.value"]},"map_public_ip_on_launch":{"constant_value":true},"tags":{"references":["local.environment_name","each.key","local.tags"]},"vpc_id":{"references":["aws_vpc.network_fundamentals_vpc.id","aws_vpc.network_fundamentals_vpc"]}},"schema_version":1,"for_each_expression":{"references":["local.public_subnets"]}},{"address":"aws_vpc.network_fundamentals_vpc","mode":"managed","type":"aws_vpc","name":"network_fundamentals_vpc","provider_config_key":"aws","expressions":{"assign_generated_ipv6_cidr_block":{"constant_value":true},"cidr_block":{"references":["local.vpc_cidr"]},"enable_dns_hostnames":{"constant_value":true},"enable_dns_support":{"constant_value":true},"instance_tenancy":{"constant_value":"default"},"tags":{"references":["local.environment_name","local.tags"]}},"schema_version":1}],"variables":{"availability_zone":{"default":["ca-central-1a","ca-central-1b","ca-central-1c"],"description":"Availability Zone"},"aws_region":{"default":"ca-central-1","description":"AWS Region"},"environment_name":{"default":"Networking Fundatamental Bootcamp","description":"Name of the environment"},"private_subnet_cidr":{"default":["10.10.21.0/24","10.10.22.0/24","10.10.23.0/24"],"description":"CIDR for Private Subnet"},"public_subnet_cidr":{"default":["10.10.11.0/24","10.10.12.0/24","10.10.13.0/24"],"description":"CIDR for Public Subnet"},"tags":{"default":{"BoundedContext":"Network Fundatmentals Bootcamp","Environment":"Staging","ManagedBy":"Terraform","Owner":"ExamPro.co","Region":"ca-central-1"}},"vpc_cidr":{"default":"10.0.0.0/16","description":"CIDR for VPC"}}}}},"variables":{"availability_zone":{"default":["ca-central-1a","ca-central-1b","ca-central-1c"],"description":"Availability Zone"},"aws_region":{"default":"ca-central-1","description":"AWS Region"},"environment_name":{"default":"Networking Fundatamental Bootcamp","description":"Name of the environment"},"private_subnet_cidr":{"default":["10.10.21.0/24","10.10.22.0/24","10.10.23.0/24"],"description":"CIDR for Private Subnet"},"public_subnet_cidr":{"default":["10.10.11.0/24","10.10.12.0/24","10.10.13.0/24"],"description":"CIDR for Public Subnet"},"tags":{"default":{"BoundedContext":"Network Fundatmentals Bootcamp","Environment":"Staging","ManagedBy":"Terraform","Owner":"ExamPro.co","Region":"ca-central-1"}},"vpc_cidr":{"default":"10.0.0.0/16","description":"CIDR for VPC"}}}},"relevant_attributes":[{"resource":"module.aws-basic-network.aws_subnet.private_subnet","attribute":[]},{"resource":"module.aws-basic-network.aws_vpc.network_fundamentals_vpc","attribute":["cidr_block"]},{"resource":"module.aws-basic-network.aws_subnet.public_subnet","attribute":[]},{"resource":"module.aws-basic-network.aws_vpc.network_fundamentals_vpc","attribute":["id"]},{"resource":"module.aws-basic-network.aws_vpc.network_fundamentals_vpc","attribute":["ipv6_cidr_block"]}],"timestamp":"2025-06-03T22:32:29Z","applyable":true,"complete":true,"errored":false}
